
Microsoft Visual Studio Solution File, Format Version 12.00
# Visual Studio Version 17
VisualStudioVersion = 17.14.36310.24
MinimumVisualStudioVersion = 10.0.40219.1
Project("{2150E333-8FDC-42A3-9474-1A3956D46DE8}") = "projeto php", "projeto php", "{02EA681E-C7D8-13C7-8484-4AC65E1B71E8}"
	ProjectSection(SolutionItems) = preProject
		index.php = index.php
		index.php.bak = index.php.bak
		index_21012009.php = index_21012009.php
		Intranet_Style.css = Intranet_Style.css
		listacontatos.php = listacontatos.php
		noticias.php = noticias.php
		pessoal.php = pessoal.php
		pessoal.php.bak = pessoal.php.bak
		phpinfo.php = phpinfo.php
		romaneio.php = romaneio.php
		valedourado.jpg = valedourado.jpg
		vendas.php = vendas.php
	EndProjectSection
EndProject
Project("{2150E333-8FDC-42A3-9474-1A3956D46DE8}") = "Financeiro", "Financeiro", "{5E53492E-5226-4D66-B9AD-8EB0F6BB76A4}"
	ProjectSection(SolutionItems) = preProject
		financeiro\acordos.php = financeiro\acordos.php
		financeiro\aging_list.php = financeiro\aging_list.php
		financeiro\aging_list.php.bak = financeiro\aging_list.php.bak
		financeiro\aging_list2.php = financeiro\aging_list2.php
		financeiro\audit_fin.php = financeiro\audit_fin.php
		financeiro\cabecalhofi.php = financeiro\cabecalhofi.php
		financeiro\clientemenu.php = financeiro\clientemenu.php
		financeiro\comparquivo.php = financeiro\comparquivo.php
		financeiro\comparquivo.php.bak = financeiro\comparquivo.php.bak
		financeiro\compdetalhe.php = financeiro\compdetalhe.php
		financeiro\compdetalhe.php.bak = financeiro\compdetalhe.php.bak
		financeiro\compdetalhe2.php = financeiro\compdetalhe2.php
		financeiro\compensacao.php = financeiro\compensacao.php
		financeiro\compensacao.php.bak = financeiro\compensacao.php.bak
		financeiro\compensacao.txt = financeiro\compensacao.txt
		financeiro\compimprimir.php = financeiro\compimprimir.php
		financeiro\compimprimir.php.bak = financeiro\compimprimir.php.bak
		financeiro\contratos.php = financeiro\contratos.php
		financeiro\contratos.php.bak = financeiro\contratos.php.bak
		financeiro\Despesa.cs = financeiro\Despesa.cs
		financeiro\factoring.php = financeiro\factoring.php
		financeiro\gr2.php = financeiro\gr2.php
		financeiro\importarrdp.php = financeiro\importarrdp.php
		financeiro\importarrdp.php.bak = financeiro\importarrdp.php.bak
		financeiro\index.php = financeiro\index.php
		financeiro\index.php.bak = financeiro\index.php.bak
		financeiro\index041209.php = financeiro\index041209.php
		financeiro\loja.txt = financeiro\loja.txt
		financeiro\loja.txt.bak = financeiro\loja.txt.bak
		financeiro\lojas.php = financeiro\lojas.php
		financeiro\monitorar.php = financeiro\monitorar.php
		financeiro\relatorio.php = financeiro\relatorio.php
		financeiro\relatorio.php.bak = financeiro\relatorio.php.bak
		financeiro\relatorios.php = financeiro\relatorios.php
		financeiro\relatorios.php.bak = financeiro\relatorios.php.bak
		financeiro\tx.txt = financeiro\tx.txt
		financeiro\variantes.php = financeiro\variantes.php
	EndProjectSection
EndProject
Project("{2150E333-8FDC-42A3-9474-1A3956D46DE8}") = "relatorios", "relatorios", "{55984951-FD4D-4C1C-A413-49461BE42150}"
	ProjectSection(SolutionItems) = preProject
		financeiro\relatorios\cabecalho.php = financeiro\relatorios\cabecalho.php
		financeiro\relatorios\cabecalho.php.bak = financeiro\relatorios\cabecalho.php.bak
		financeiro\relatorios\FIFARBANCO2.php = financeiro\relatorios\FIFARBANCO2.php
		financeiro\relatorios\FIRAGELIST.php = financeiro\relatorios\FIRAGELIST.php
		financeiro\relatorios\FIRAGELIST.php.bak = financeiro\relatorios\FIRAGELIST.php.bak
		financeiro\relatorios\FIRDEVBANC.php = financeiro\relatorios\FIRDEVBANC.php
		financeiro\relatorios\FIRDEVBANC.php.bak = financeiro\relatorios\FIRDEVBANC.php.bak
		financeiro\relatorios\FIRFABANCO.php = financeiro\relatorios\FIRFABANCO.php
		financeiro\relatorios\FIRFABANCO.php.bak = financeiro\relatorios\FIRFABANCO.php.bak
		financeiro\relatorios\FIRFACOPG.php = financeiro\relatorios\FIRFACOPG.php
		financeiro\relatorios\FIRFAPRPG.php = financeiro\relatorios\FIRFAPRPG.php
		financeiro\relatorios\FIRFAPRPG.php.bak = financeiro\relatorios\FIRFAPRPG.php.bak
		financeiro\relatorios\FIRFATVENC.php = financeiro\relatorios\FIRFATVENC.php
		financeiro\relatorios\FIRFAVALOR.php = financeiro\relatorios\FIRFAVALOR.php
		financeiro\relatorios\FIRGRCOMP.php = financeiro\relatorios\FIRGRCOMP.php
		financeiro\relatorios\FIRGRCOMP.php.bak = financeiro\relatorios\FIRGRCOMP.php.bak
		financeiro\relatorios\FIRGRCONL.php = financeiro\relatorios\FIRGRCONL.php
		financeiro\relatorios\FIRGRPREVP.php = financeiro\relatorios\FIRGRPREVP.php
		financeiro\relatorios\FIRGRPREVP.php.bak = financeiro\relatorios\FIRGRPREVP.php.bak
		financeiro\relatorios\FIRGRRENTA.php = financeiro\relatorios\FIRGRRENTA.php
		financeiro\relatorios\FIRGRRENTA.php.bak = financeiro\relatorios\FIRGRRENTA.php.bak
		financeiro\relatorios\FIRLIQBANC.php = financeiro\relatorios\FIRLIQBANC.php
		financeiro\relatorios\FIRPAGAMEN.php = financeiro\relatorios\FIRPAGAMEN.php
		financeiro\relatorios\FIRPREVPG.php = financeiro\relatorios\FIRPREVPG.php
		financeiro\relatorios\FIRPREVPG.php.bak = financeiro\relatorios\FIRPREVPG.php.bak
		financeiro\relatorios\menu.js = financeiro\relatorios\menu.js
		financeiro\relatorios\menu.php = financeiro\relatorios\menu.php
		financeiro\relatorios\menu.php.bak = financeiro\relatorios\menu.php.bak
		financeiro\relatorios\rodape.php = financeiro\relatorios\rodape.php
	EndProjectSection
EndProject
Project("{2150E333-8FDC-42A3-9474-1A3956D46DE8}") = "images", "images", "{9EE589F3-D538-45FC-9AAA-92A985AF8F40}"
	ProjectSection(SolutionItems) = preProject
		financeiro\images\btavancar.gif = financeiro\images\btavancar.gif
		financeiro\images\btdeletar.gif = financeiro\images\btdeletar.gif
		financeiro\images\btsalvar.gif = financeiro\images\btsalvar.gif
		financeiro\images\btvoltar.gif = financeiro\images\btvoltar.gif
		financeiro\images\contents.gif = financeiro\images\contents.gif
		financeiro\images\copiar.gif = financeiro\images\copiar.gif
		financeiro\images\edit.gif = financeiro\images\edit.gif
		financeiro\images\editdelete.gif = financeiro\images\editdelete.gif
		financeiro\images\erro.gif = financeiro\images\erro.gif
		financeiro\images\filenew.gif = financeiro\images\filenew.gif
		financeiro\images\gravarxls.gif = financeiro\images\gravarxls.gif
		financeiro\images\gravarxlsn.gif = financeiro\images\gravarxlsn.gif
		financeiro\images\imprimir.gif = financeiro\images\imprimir.gif
		financeiro\images\salvar.gif = financeiro\images\salvar.gif
	EndProjectSection
EndProject
Project("{2150E333-8FDC-42A3-9474-1A3956D46DE8}") = "arquivos", "arquivos", "{0A361A65-8FA0-400D-AFCD-25AE4459C733}"
	ProjectSection(SolutionItems) = preProject
		financeiro\arquivos\aplicacoes.php = financeiro\arquivos\aplicacoes.php
		financeiro\arquivos\carga.php = financeiro\arquivos\carga.php
		financeiro\arquivos\lancamentosm.php = financeiro\arquivos\lancamentosm.php
		financeiro\arquivos\prev.txt = financeiro\arquivos\prev.txt
	EndProjectSection
EndProject
Project("{2150E333-8FDC-42A3-9474-1A3956D46DE8}") = "fluxocaixa", "fluxocaixa", "{57CFDD6D-73C3-4C6F-B8AF-97DE43890BEC}"
	ProjectSection(SolutionItems) = preProject
		fluxocaixa\altvenc.php = fluxocaixa\altvenc.php
		fluxocaixa\anexarpg.php = fluxocaixa\anexarpg.php
		fluxocaixa\anexarpg.php.bak = fluxocaixa\anexarpg.php.bak
		fluxocaixa\anexo.php = fluxocaixa\anexo.php
		fluxocaixa\anexo.php.bak = fluxocaixa\anexo.php.bak
		fluxocaixa\anexo2.php = fluxocaixa\anexo2.php
		fluxocaixa\anexo3.php = fluxocaixa\anexo3.php
		fluxocaixa\anexo4.php = fluxocaixa\anexo4.php
		fluxocaixa\aucoletivo.php = fluxocaixa\aucoletivo.php
		fluxocaixa\aucoletivo.php.bak = fluxocaixa\aucoletivo.php.bak
		fluxocaixa\caixadiario.php = fluxocaixa\caixadiario.php
		fluxocaixa\caixadiario.php.bak = fluxocaixa\caixadiario.php.bak
		fluxocaixa\caixadiario2.php = fluxocaixa\caixadiario2.php
		fluxocaixa\caixadiario2a.php = fluxocaixa\caixadiario2a.php
		fluxocaixa\caixadiario2a.php.bak = fluxocaixa\caixadiario2a.php.bak
		fluxocaixa\caixadiario_atÃ©_23022021.php = fluxocaixa\caixadiario_atÃ©_23022021.php
		fluxocaixa\cargatit.php = fluxocaixa\cargatit.php
		fluxocaixa\cargatit.php.bak = fluxocaixa\cargatit.php.bak
		fluxocaixa\cargatit.php.bak.2 = fluxocaixa\cargatit.php.bak.2
		fluxocaixa\eprevxreal.php = fluxocaixa\eprevxreal.php
		fluxocaixa\exclcoletivo.php = fluxocaixa\exclcoletivo.php
		fluxocaixa\exclcoletivo.php.bak = fluxocaixa\exclcoletivo.php.bak
		fluxocaixa\fluxocx.php = fluxocaixa\fluxocx.php
		fluxocaixa\fluxocxd.php = fluxocaixa\fluxocxd.php
		fluxocaixa\fluxocxe.php = fluxocaixa\fluxocxe.php
		fluxocaixa\fluxocxed.php = fluxocaixa\fluxocxed.php
		fluxocaixa\GVRREAGPP5.php = fluxocaixa\GVRREAGPP5.php
		fluxocaixa\index.php = fluxocaixa\index.php
		fluxocaixa\index.php.bak = fluxocaixa\index.php.bak
		fluxocaixa\index08012021.php = fluxocaixa\index08012021.php
		fluxocaixa\index2.php = fluxocaixa\index2.php
		fluxocaixa\index2.php.bak = fluxocaixa\index2.php.bak
		fluxocaixa\indexv.php.bak = fluxocaixa\indexv.php.bak
		fluxocaixa\indexv_ok.php = fluxocaixa\indexv_ok.php
		fluxocaixa\index_19022020.php = fluxocaixa\index_19022020.php
		fluxocaixa\index_23012021.php = fluxocaixa\index_23012021.php
		fluxocaixa\index_24042019.php = fluxocaixa\index_24042019.php
		fluxocaixa\index_grp.php.bak = fluxocaixa\index_grp.php.bak
		fluxocaixa\index_old.php = fluxocaixa\index_old.php
		fluxocaixa\index_vencidas.php = fluxocaixa\index_vencidas.php
		fluxocaixa\orcamento.php = fluxocaixa\orcamento.php
		fluxocaixa\orcamento.php.bak = fluxocaixa\orcamento.php.bak
		fluxocaixa\orcamento2.php = fluxocaixa\orcamento2.php
		fluxocaixa\orcamento2.php.bak = fluxocaixa\orcamento2.php.bak
		fluxocaixa\orcamento3.php = fluxocaixa\orcamento3.php
		fluxocaixa\orcamento7.php = fluxocaixa\orcamento7.php
		fluxocaixa\pagar2.php = fluxocaixa\pagar2.php
		fluxocaixa\pgcoletivo.php = fluxocaixa\pgcoletivo.php
		fluxocaixa\prevxreal.php = fluxocaixa\prevxreal.php
		fluxocaixa\prevxreal12.php = fluxocaixa\prevxreal12.php
		fluxocaixa\prevxreal12.php.bak = fluxocaixa\prevxreal12.php.bak
		fluxocaixa\prevxreal2.php = fluxocaixa\prevxreal2.php
		fluxocaixa\prevxrealdd.php = fluxocaixa\prevxrealdd.php
		fluxocaixa\prevxrealdd.php.bak = fluxocaixa\prevxrealdd.php.bak
		fluxocaixa\prevxrealdd_ok.php = fluxocaixa\prevxrealdd_ok.php
		fluxocaixa\prevxrealold.php = fluxocaixa\prevxrealold.php
		fluxocaixa\procurar.php = fluxocaixa\procurar.php
		fluxocaixa\receitas.php = fluxocaixa\receitas.php
		fluxocaixa\receitas.php.bak = fluxocaixa\receitas.php.bak
		fluxocaixa\relautor.php = fluxocaixa\relautor.php
		fluxocaixa\relpagto.php = fluxocaixa\relpagto.php
		fluxocaixa\relpagto.php.bak = fluxocaixa\relpagto.php.bak
		fluxocaixa\relpagtoc.php = fluxocaixa\relpagtoc.php
		fluxocaixa\relpagtoc.php.bak = fluxocaixa\relpagtoc.php.bak
	EndProjectSection
EndProject
Project("{2150E333-8FDC-42A3-9474-1A3956D46DE8}") = "anexos", "anexos", "{61DF938A-3259-4089-80B8-71DAC62AEC67}"
EndProject
Project("{2150E333-8FDC-42A3-9474-1A3956D46DE8}") = "croad", "croad", "{1C291C49-2896-448A-B1AD-6ABE9F405E31}"
	ProjectSection(SolutionItems) = preProject
		crond\aplicacoes.php = crond\aplicacoes.php
		crond\flash.php = crond\flash.php
	EndProjectSection
EndProject
Project("{2150E333-8FDC-42A3-9474-1A3956D46DE8}") = "cron", "cron", "{C7C220DB-BD29-4247-85D0-C40B26FBEEA2}"
	ProjectSection(SolutionItems) = preProject
		cron\0anacron = cron\0anacron
		cron\aging_list.php = cron\aging_list.php
		cron\aging_list2.php = cron\aging_list2.php
		cron\aging_list2_100111.php = cron\aging_list2_100111.php
		cron\aging_list3.php = cron\aging_list3.php
		cron\apache2 = cron\apache2
		cron\aplicacoes.php = cron\aplicacoes.php
		cron\aplicacoesf.php = cron\aplicacoesf.php
		cron\aplicacoes_cot.php = cron\aplicacoes_cot.php
		cron\aplicacoes_cot2.php = cron\aplicacoes_cot2.php
		cron\apt = cron\apt
		cron\aptitude = cron\aptitude
		cron\baixar_pallets.php = cron\baixar_pallets.php
		cron\bancos.php = cron\bancos.php
		cron\bsdmainutils = cron\bsdmainutils
		cron\cargaestoque.php = cron\cargaestoque.php
		cron\ccusto.php = cron\ccusto.php
		cron\ccusto17052010.php = cron\ccusto17052010.php
		cron\ChangeLog.txt = cron\ChangeLog.txt
		cron\clientes.php = cron\clientes.php
		cron\condpg.php = cron\condpg.php
		cron\conta_contabil.php = cron\conta_contabil.php
		cron\controlepedido2.php = cron\controlepedido2.php
		cron\controlepedido3.php = cron\controlepedido3.php
		cron\controlepedidos.php = cron\controlepedidos.php
		cron\desp.log = cron\desp.log
		cron\despesas.php = cron\despesas.php
		cron\despesas_20102016.php = cron\despesas_20102016.php
		cron\despesas_26102016.php = cron\despesas_26102016.php
		cron\doutora.php = cron\doutora.php
		cron\Email_th.php = cron\Email_th.php
		cron\embarque.php = cron\embarque.php
		cron\estoque.php = cron\estoque.php
		cron\estoquejames.php = cron\estoquejames.php
		cron\estoquelote.php = cron\estoquelote.php
		cron\filiais.php = cron\filiais.php
		cron\flash.php = cron\flash.php
		cron\fluxocaixa.php = cron\fluxocaixa.php
		cron\fluxocaixai.php = cron\fluxocaixai.php
		cron\frete.php = cron\frete.php
		cron\frete_080113.php = cron\frete_080113.php
		cron\gerarbonif.php = cron\gerarbonif.php
		cron\gerarestoque.php = cron\gerarestoque.php
		cron\gerarestoqueant.php = cron\gerarestoqueant.php
		cron\gerarestoquebk.php = cron\gerarestoquebk.php
		cron\grpcli.php = cron\grpcli.php
		cron\grpprc.php = cron\grpprc.php
		cron\grpprd.php = cron\grpprd.php
		cron\grptes.php = cron\grptes.php
		cron\helpdesk.php = cron\helpdesk.php
		cron\itinerarios.php = cron\itinerarios.php
		cron\lanca.php = cron\lanca.php
		cron\lancamentosm.php = cron\lancamentosm.php
		cron\lancamentosmesano.php = cron\lancamentosmesano.php
		cron\lancamentosmesano_11102010.php = cron\lancamentosmesano_11102010.php
		cron\libeay32.dll = cron\libeay32.dll
		cron\lib_pedido.php = cron\lib_pedido.php
		cron\lib_requis.php = cron\lib_requis.php
		cron\lib_requis2.php = cron\lib_requis2.php
		cron\lib_requis_060111.php = cron\lib_requis_060111.php
		cron\lib_requis_ant.php = cron\lib_requis_ant.php
		cron\license.txt = cron\license.txt
		cron\liquidbanco.php = cron\liquidbanco.php
		cron\logrotate = cron\logrotate
		cron\man-db = cron\man-db
		cron\meiopg.php = cron\meiopg.php
		cron\mlocate = cron\mlocate
		cron\motirec.php = cron\motirec.php
		cron\Noname1 = cron\Noname1
		cron\OpenSSL License.txt = cron\OpenSSL License.txt
		cron\pagamentos.php = cron\pagamentos.php
		cron\palmtop-estoque.php = cron\palmtop-estoque.php
		cron\palmtop-estoque2.php = cron\palmtop-estoque2.php
		cron\pedidoafaturar.php = cron\pedidoafaturar.php
		cron\pedidoecompra4.php = cron\pedidoecompra4.php
		cron\pedidoecompras.php = cron\pedidoecompras.php
		cron\pedidos.php = cron\pedidos.php
		cron\pedidos2.php = cron\pedidos2.php
		cron\ped_ecompras.php = cron\ped_ecompras.php
		cron\picking.php = cron\picking.php
		cron\precocusto.php = cron\precocusto.php
		cron\produtividade.php = cron\produtividade.php
		cron\produtolote.php = cron\produtolote.php
		cron\produtos.php = cron\produtos.php
		cron\produtos_28102010.php = cron\produtos_28102010.php
		cron\proposta.php = cron\proposta.php
		cron\ReadMe.html = cron\ReadMe.html
		cron\receber.php = cron\receber.php
		cron\repres.php = cron\repres.php
		cron\resgermesant.php = cron\resgermesant.php
		cron\resumogerotina.php = cron\resumogerotina.php
		cron\resumogerotina1mesant.php = cron\resumogerotina1mesant.php
		cron\resumogerotina2mesant.php = cron\resumogerotina2mesant.php
		cron\resumogerotinamesano.php = cron\resumogerotinamesano.php
		cron\resumogerotina_21112011.php = cron\resumogerotina_21112011.php
		cron\resumogerotina_29072008.php = cron\resumogerotina_29072008.php
		cron\romaneios.php = cron\romaneios.php
		cron\samba = cron\samba
		cron\sap_portaria.php = cron\sap_portaria.php
		cron\sap_portaria.php.14092016 = cron\sap_portaria.php.14092016
		cron\sendmail = cron\sendmail
		cron\sendmail.exe = cron\sendmail.exe
		cron\ssleay32.dll = cron\ssleay32.dll
		cron\standard = cron\standard
		cron\sysklogd = cron\sysklogd
		cron\system-health = cron\system-health
		cron\system-upgrade = cron\system-upgrade
		cron\titulos.php = cron\titulos.php
		cron\tpfat.php = cron\tpfat.php
		cron\upd_all = cron\upd_all
		cron\vendas.php = cron\vendas.php
		cron\vendas.php.bak = cron\vendas.php.bak
		cron\vendas050114.php = cron\vendas050114.php
		cron\vendas05042010.php = cron\vendas05042010.php
		cron\vendas14042008.php = cron\vendas14042008.php
		cron\vendas150109.php = cron\vendas150109.php
		cron\vendas190913.php = cron\vendas190913.php
		cron\vendas1mesant.php = cron\vendas1mesant.php
		cron\vendas1mesant.php.bak = cron\vendas1mesant.php.bak
		cron\vendas1mesant050114.php = cron\vendas1mesant050114.php
		cron\vendas1mesant05042010.php = cron\vendas1mesant05042010.php
		cron\vendas1mesant14042008.php = cron\vendas1mesant14042008.php
		cron\vendas1mesant150109.php = cron\vendas1mesant150109.php
		cron\vendas1mesant190913.php = cron\vendas1mesant190913.php
		cron\vendas1mesant21011.php = cron\vendas1mesant21011.php
		cron\vendas1mesant21032012.php = cron\vendas1mesant21032012.php
		cron\vendas1mesant271109.php = cron\vendas1mesant271109.php
		cron\vendas1mesant28032008.php = cron\vendas1mesant28032008.php
		cron\vendas1mesantbk.php = cron\vendas1mesantbk.php
		cron\vendas1mesant_02072013.php = cron\vendas1mesant_02072013.php
		cron\vendas1mesant_03112008.php = cron\vendas1mesant_03112008.php
		cron\vendas1mesant_062010.php = cron\vendas1mesant_062010.php
		cron\vendas1mesant_13092012.php = cron\vendas1mesant_13092012.php
		cron\vendas1mesant_13102010.php = cron\vendas1mesant_13102010.php
		cron\vendas1mesant_160209.php = cron\vendas1mesant_160209.php
		cron\vendas1mesant_190712.php = cron\vendas1mesant_190712.php
		cron\vendas1mesant_191012.php = cron\vendas1mesant_191012.php
		cron\vendas1mesant_20012011.php = cron\vendas1mesant_20012011.php
		cron\vendas1mesant_20102011.php = cron\vendas1mesant_20102011.php
		cron\vendas1mesant_20122012.php = cron\vendas1mesant_20122012.php
		cron\vendas1mesant_220513.php = cron\vendas1mesant_220513.php
		cron\vendas1mesant_230812.php = cron\vendas1mesant_230812.php
		cron\vendas1mesant_26022010.php = cron\vendas1mesant_26022010.php
		cron\vendas1mesant_26112010.php = cron\vendas1mesant_26112010.php
		cron\vendas1mesant_270814.php = cron\vendas1mesant_270814.php
		cron\vendas1mesant_290713.php = cron\vendas1mesant_290713.php
		cron\vendas1mesant_29082011.php = cron\vendas1mesant_29082011.php
		cron\vendas1mesant_29102010.php = cron\vendas1mesant_29102010.php
		cron\vendas1mesant_301110.php = cron\vendas1mesant_301110.php
		cron\vendas1mesant_31102013.php = cron\vendas1mesant_31102013.php
		cron\vendas21011.php = cron\vendas21011.php
		cron\vendas21032012.php = cron\vendas21032012.php
		cron\vendas271109.php = cron\vendas271109.php
		cron\vendas28032008.php = cron\vendas28032008.php
		cron\vendas2mesant14042008.php = cron\vendas2mesant14042008.php
		cron\vendas2mesant150109.php = cron\vendas2mesant150109.php
		cron\vendas2mesant28032008.php = cron\vendas2mesant28032008.php
		cron\vendas2mesantbk.php = cron\vendas2mesantbk.php
		cron\vendas2mesant_03112008.php = cron\vendas2mesant_03112008.php
		cron\vendas2mesant_062010.php = cron\vendas2mesant_062010.php
		cron\vendas2mesant_13102010.php = cron\vendas2mesant_13102010.php
		cron\vendas2mesant_160209.php = cron\vendas2mesant_160209.php
		cron\vendas2mesant_26112010.php = cron\vendas2mesant_26112010.php
		cron\vendas2mesant_29102010.php = cron\vendas2mesant_29102010.php
		cron\vendas300309.php = cron\vendas300309.php
		cron\vendasbk.php = cron\vendasbk.php
		cron\vendasmesana28032008.php = cron\vendasmesana28032008.php
		cron\vendasmesano.php = cron\vendasmesano.php
		cron\vendasmesano150109.php = cron\vendasmesano150109.php
		cron\vendasmesano_03112008.php = cron\vendasmesano_03112008.php
		cron\vendasmesano_13102010.php = cron\vendasmesano_13102010.php
		cron\vendasmesano_160209.php = cron\vendasmesano_160209.php
		cron\vendasmesano_29102010.php = cron\vendasmesano_29102010.php
		cron\vendas_02072013.php = cron\vendas_02072013.php
		cron\vendas_03112008.php = cron\vendas_03112008.php
		cron\vendas_13092012.php = cron\vendas_13092012.php
		cron\vendas_13102010.php = cron\vendas_13102010.php
		cron\vendas_160209.php = cron\vendas_160209.php
		cron\vendas_18092018.php = cron\vendas_18092018.php
		cron\vendas_190712.php = cron\vendas_190712.php
		cron\vendas_191012.php = cron\vendas_191012.php
		cron\vendas_20012011.php = cron\vendas_20012011.php
		cron\vendas_20102011.php = cron\vendas_20102011.php
		cron\vendas_20122012.php = cron\vendas_20122012.php
		cron\vendas_220513.php = cron\vendas_220513.php
		cron\vendas_230812.php = cron\vendas_230812.php
		cron\vendas_26022010.php = cron\vendas_26022010.php
		cron\vendas_26112010.php = cron\vendas_26112010.php
		cron\vendas_270814.php = cron\vendas_270814.php
		cron\vendas_28062011.php = cron\vendas_28062011.php
		cron\vendas_290713.php = cron\vendas_290713.php
		cron\vendas_29082011.php = cron\vendas_29082011.php
		cron\vendas_29102010.php = cron\vendas_29102010.php
		cron\vendas_301110.php = cron\vendas_301110.php
		cron\vendas_31102013.php = cron\vendas_31102013.php
	EndProjectSection
EndProject
Project("{2150E333-8FDC-42A3-9474-1A3956D46DE8}") = "source", "source", "{73C1E472-202A-4AF7-BD81-2B2C296EA974}"
	ProjectSection(SolutionItems) = preProject
		cron\source\sendmail.dpr = cron\source\sendmail.dpr
		cron\source\sendmail.mes = cron\source\sendmail.mes
	EndProjectSection
EndProject
Project("{2150E333-8FDC-42A3-9474-1A3956D46DE8}") = "common", "common", "{FDDBC91C-151F-4E49-80F1-657FF281BA41}"
	ProjectSection(SolutionItems) = preProject
		common\.style.php.swp = common\.style.php.swp
		common\cabecalho.php = common\cabecalho.php
		common\calendar.css = common\calendar.css
		common\calendar.js = common\calendar.js
		common\common.acoes.php = common\common.acoes.php
		common\common.cdi.php = common\common.cdi.php
		common\common.cockpit.php = common\common.cockpit.php
		common\common.contrato.php = common\common.contrato.php
		common\common.equip.php = common\common.equip.php
		common\common.equip.php.bak = common\common.equip.php.bak
		common\common.estrategia.php = common\common.estrategia.php
		common\common.financeiro.php = common\common.financeiro.php
		common\common.fluxocaixa.php = common\common.fluxocaixa.php
		common\common.fluxocaixa.php.bak = common\common.fluxocaixa.php.bak
		common\common.fluxocaixai.php = common\common.fluxocaixai.php
		common\common.fluxocaixai.php.bak = common\common.fluxocaixai.php.bak
		common\common.fluxocaixai2.php = common\common.fluxocaixai2.php
		common\common.fluxocaixai2.php.bak = common\common.fluxocaixai2.php.bak
		common\common.fluxocaixaimv.php = common\common.fluxocaixaimv.php
		common\common.fluxocaixaimv.php.bak = common\common.fluxocaixaimv.php.bak
		common\common.fluxocaixas2.php = common\common.fluxocaixas2.php
		common\common.fluxocaixas2.php.bak = common\common.fluxocaixas2.php.bak
		common\common.gerotina.php = common\common.gerotina.php
		common\common.gvendas - Copia.php = common\common.gvendas - Copia.php
		common\common.gvendas.php = common\common.gvendas.php
		common\common.gvendas.php.bak = common\common.gvendas.php.bak
		common\common.gvendasbk.php = common\common.gvendasbk.php
		common\common.gvendasvelho.php = common\common.gvendasvelho.php
		common\common.helpdesk.php = common\common.helpdesk.php
		common\common.juridico - CÃ³pia.php = common\common.juridico - CÃ³pia.php
		common\common.juridico.php = common\common.juridico.php
		common\common.juridico.php2 = common\common.juridico.php2
		common\common.juridicot.php = common\common.juridicot.php
		common\common.juridicot.php.bak = common\common.juridicot.php.bak
		common\common.juridicot2.php = common\common.juridicot2.php
		common\common.logistica.php = common\common.logistica.php
		common\common.logisticabk.php = common\common.logisticabk.php
		common\common.novogerotina.php = common\common.novogerotina.php
		common\common.novogerotina.php.bak = common\common.novogerotina.php.bak
		common\common.novogerotind.php = common\common.novogerotind.php
		common\common.palmtop.php = common\common.palmtop.php
		common\common.php = common\common.php
		common\common.php.bak = common\common.php.bak
		common\common.planoacao.php = common\common.planoacao.php
		common\common.portaria.php = common\common.portaria.php
		common\common.portaria.php.bak = common\common.portaria.php.bak
		common\common.ppp.php = common\common.ppp.php
		common\common.prestconta.php = common\common.prestconta.php
		common\common.prestconta.php.bak = common\common.prestconta.php.bak
		common\common.producao.php = common\common.producao.php
		common\common.producao_it.php = common\common.producao_it.php
		common\common.producao_sa.php = common\common.producao_sa.php
		common\common.projetos.php = common\common.projetos.php
		common\common.relatorios.php = common\common.relatorios.php
		common\common.rh.php = common\common.rh.php
		common\common.rh.php.bak = common\common.rh.php.bak
		common\common.sac.php = common\common.sac.php
		common\common.tim.php = common\common.tim.php
		common\commonbk.php = common\commonbk.php
		common\config.acoes.php = common\config.acoes.php
		common\config.cdi.php = common\config.cdi.php
		common\config.cockpit.php = common\config.cockpit.php
		common\config.contrato.php = common\config.contrato.php
		common\config.equip.php = common\config.equip.php
		common\config.equip.php.bak = common\config.equip.php.bak
		common\config.estrategia.php = common\config.estrategia.php
		common\config.financeiro.php = common\config.financeiro.php
		common\config.fluxocaixa.php = common\config.fluxocaixa.php
		common\config.fluxocaixa.php.bak = common\config.fluxocaixa.php.bak
		common\config.fluxocaixai.php = common\config.fluxocaixai.php
		common\config.fluxocaixai.php.bak = common\config.fluxocaixai.php.bak
		common\config.fluxocaixai2.php = common\config.fluxocaixai2.php
		common\config.fluxocaixai2.php.bak = common\config.fluxocaixai2.php.bak
		common\config.fluxocaixaimv.php = common\config.fluxocaixaimv.php
		common\config.fluxocaixaimv.php.bak = common\config.fluxocaixaimv.php.bak
		common\config.fluxocaixas2.php = common\config.fluxocaixas2.php
		common\config.fluxocaixas2.php.bak = common\config.fluxocaixas2.php.bak
		common\config.fluxucaixa.php.bak = common\config.fluxucaixa.php.bak
		common\config.gerotina.php = common\config.gerotina.php
		common\config.gvendas.php = common\config.gvendas.php
		common\config.gvendas.php.bak = common\config.gvendas.php.bak
		common\config.helpdesk.php = common\config.helpdesk.php
		common\config.juridico.php = common\config.juridico.php
		common\config.juridicot.php = common\config.juridicot.php
		common\config.juridicot.php.bak = common\config.juridicot.php.bak
		common\config.logistica.php = common\config.logistica.php
		common\config.logisticabk.php = common\config.logisticabk.php
		common\config.manual.php = common\config.manual.php
		common\config.novogerotina.php = common\config.novogerotina.php
		common\config.novogerotind.php = common\config.novogerotind.php
		common\config.novogerotind.php.bak = common\config.novogerotind.php.bak
		common\config.padrao.php = common\config.padrao.php
		common\config.palmtop.php = common\config.palmtop.php
		common\config.php = common\config.php
		common\config.planoacao.php = common\config.planoacao.php
		common\config.portaria.php = common\config.portaria.php
		common\config.portaria.php.bak = common\config.portaria.php.bak
		common\config.ppp.php = common\config.ppp.php
		common\config.prestconta.php = common\config.prestconta.php
		common\config.prestconta.php.bak = common\config.prestconta.php.bak
		common\config.producao.php = common\config.producao.php
		common\config.producao_it.php = common\config.producao_it.php
		common\config.producao_sa.php = common\config.producao_sa.php
		common\config.projetos.php = common\config.projetos.php
		common\config.relatorios.php = common\config.relatorios.php
		common\config.rh.php = common\config.rh.php
		common\config.rh.php.bak = common\config.rh.php.bak
		common\config.sac.php = common\config.sac.php
		common\config.tim.php = common\config.tim.php
		common\config.velho.php = common\config.velho.php
		common\configbk.php = common\configbk.php
		common\CÃ³pia de config.php = common\CÃ³pia de config.php
		common\data.php = common\data.php
		common\db.php = common\db.php
		common\disk.txt = common\disk.txt
		common\estilo.css = common\estilo.css
		common\http.js = common\http.js
		common\login - CÃ³pia.php = common\login - CÃ³pia.php
		common\login.php = common\login.php
		common\login.php.atual = common\login.php.atual
		common\login.php.bak = common\login.php.bak
		common\login.php.bak11-10-22 = common\login.php.bak11-10-22
		common\loginbk.php = common\loginbk.php
		common\logincomaut.php = common\logincomaut.php
		common\loginOK.php = common\loginOK.php
		common\loginold.php = common\loginold.php
		common\login_22122011.php = common\login_22122011.php
		common\login_29012009 = common\login_29012009
		common\login_30012009.php = common\login_30012009.php
		common\login_autenticado.php = common\login_autenticado.php
		common\login_nautenticado.php = common\login_nautenticado.php
		common\login_new.php = common\login_new.php
		common\login_new_22122011.php = common\login_new_22122011.php
		common\logout.php = common\logout.php
		common\mouseover.js = common\mouseover.js
		common\NumberFormat.js = common\NumberFormat.js
		common\style.php = common\style.php
		common\whosonline.php = common\whosonline.php
		common\wz_tooltip.js = common\wz_tooltip.js
	EndProjectSection
EndProject
Project("{2150E333-8FDC-42A3-9474-1A3956D46DE8}") = "relatorios", "relatorios", "{E19EBD49-522E-4ABD-BAA5-95B232F441CB}"
	ProjectSection(SolutionItems) = preProject
		common\relatorios\blue.css = common\relatorios\blue.css
		common\relatorios\fpdefines.inc.php = common\relatorios\fpdefines.inc.php
		common\relatorios\fpdefines.inc.php.bak = common\relatorios\fpdefines.inc.php.bak
		common\relatorios\fpdefines_extra.inc.php = common\relatorios\fpdefines_extra.inc.php
		common\relatorios\FPForm.class.php = common\relatorios\FPForm.class.php
		common\relatorios\globals.inc.php = common\relatorios\globals.inc.php
	EndProjectSection
EndProject
Project("{2150E333-8FDC-42A3-9474-1A3956D46DE8}") = "wrappers", "wrappers", "{DE936FAD-5E22-4081-BBF9-5C8FB78A3348}"
	ProjectSection(SolutionItems) = preProject
		common\relatorios\wrappers\FPLeftTitleWrapper.class.php = common\relatorios\wrappers\FPLeftTitleWrapper.class.php
		common\relatorios\wrappers\FPTopTitleWrapper.class.php = common\relatorios\wrappers\FPTopTitleWrapper.class.php
		common\relatorios\wrappers\FPWrapper.class.php = common\relatorios\wrappers\FPWrapper.class.php
	EndProjectSection
EndProject
Project("{2150E333-8FDC-42A3-9474-1A3956D46DE8}") = "layouts", "layouts", "{2C238BF5-BC08-467D-8B6D-A28DFC6A2D60}"
	ProjectSection(SolutionItems) = preProject
		common\relatorios\layouts\FPColLayout.class.php = common\relatorios\layouts\FPColLayout.class.php
		common\relatorios\layouts\FPGridLayout.class.php = common\relatorios\layouts\FPGridLayout.class.php
		common\relatorios\layouts\FPGroup.class.php = common\relatorios\layouts\FPGroup.class.php
		common\relatorios\layouts\FPLayout.class.php = common\relatorios\layouts\FPLayout.class.php
		common\relatorios\layouts\FPLayout.class_new.php = common\relatorios\layouts\FPLayout.class_new.php
		common\relatorios\layouts\FPLayout.class_ok.php = common\relatorios\layouts\FPLayout.class_ok.php
		common\relatorios\layouts\FPLayout.class_old.php = common\relatorios\layouts\FPLayout.class_old.php
		common\relatorios\layouts\FPRowLayout.class.php = common\relatorios\layouts\FPRowLayout.class.php
	EndProjectSection
EndProject
Project("{2150E333-8FDC-42A3-9474-1A3956D46DE8}") = "elements", "elements", "{5248FDEE-3B30-40A0-9CA4-D6FB5209EF65}"
	ProjectSection(SolutionItems) = preProject
		common\relatorios\elements\FPDateField.class.php = common\relatorios\elements\FPDateField.class.php
		common\relatorios\elements\FPElement.class.php = common\relatorios\elements\FPElement.class.php
		common\relatorios\elements\FPImageButton.class.php = common\relatorios\elements\FPImageButton.class.php
		common\relatorios\elements\FPOneDateField.class.php = common\relatorios\elements\FPOneDateField.class.php
		common\relatorios\elements\FPSelect.class.php = common\relatorios\elements\FPSelect.class.php
		common\relatorios\elements\FPSelectPlus.class.php = common\relatorios\elements\FPSelectPlus.class.php
		common\relatorios\elements\FPSubmitButton.class.php = common\relatorios\elements\FPSubmitButton.class.php
		common\relatorios\elements\FPText.class.php = common\relatorios\elements\FPText.class.php
		common\relatorios\elements\FPTextField.class.php = common\relatorios\elements\FPTextField.class.php
	EndProjectSection
EndProject
Project("{2150E333-8FDC-42A3-9474-1A3956D46DE8}") = "cel", "cel", "{2CC60D06-3915-4D28-A7B1-BC9A3478AB81}"
	ProjectSection(SolutionItems) = preProject
		cel\aplicacoes.php = cel\aplicacoes.php
		cel\carga.php = cel\carga.php
		cel\conferencia.php = cel\conferencia.php
		cel\descarga.php = cel\descarga.php
		cel\entrada.php = cel\entrada.php
		cel\index.php = cel\index.php
		cel\info.php = cel\info.php
		cel\saida.php = cel\saida.php
	EndProjectSection
EndProject
Project("{2150E333-8FDC-42A3-9474-1A3956D46DE8}") = "images", "images", "{FAB24829-F6C0-45F5-AE2A-09D53ADAA691}"
	ProjectSection(SolutionItems) = preProject
		cel\images\coletadeleite.gif = cel\images\coletadeleite.gif
	EndProjectSection
EndProject
Project("{2150E333-8FDC-42A3-9474-1A3956D46DE8}") = "acoes", "acoes", "{B3758871-3F3B-4709-A2E0-EB053D9C3EA6}"
	ProjectSection(SolutionItems) = preProject
		acoes\alocapromo.php = acoes\alocapromo.php
		acoes\alocapromo2.php = acoes\alocapromo2.php
		acoes\alocapromo_290610.php = acoes\alocapromo_290610.php
		acoes\anexo.php = acoes\anexo.php
		acoes\apatrono.php = acoes\apatrono.php
		acoes\atipo.php = acoes\atipo.php
		acoes\atipo.php.bak = acoes\atipo.php.bak
		acoes\cabecalhogv.php = acoes\cabecalhogv.php
		acoes\estatistica2.php = acoes\estatistica2.php
		acoes\fichaprocesso.php = acoes\fichaprocesso.php
		acoes\fichaprocesso.php.bak = acoes\fichaprocesso.php.bak
		acoes\index.php = acoes\index.php
		acoes\index.php.bak = acoes\index.php.bak
		acoes\info.php = acoes\info.php
		acoes\listaprocesso.php = acoes\listaprocesso.php
		acoes\listaprocesso.php.bak = acoes\listaprocesso.php.bak
		acoes\listaprocesso2.php = acoes\listaprocesso2.php
		acoes\menu.js = acoes\menu.js
		acoes\menu.php = acoes\menu.php
		acoes\menu.php.bak = acoes\menu.php.bak
		acoes\menuc.php = acoes\menuc.php
		acoes\menuc.php.bak = acoes\menuc.php.bak
		acoes\menuok.php = acoes\menuok.php
		acoes\mpessoas.php = acoes\mpessoas.php
		acoes\mtipo.php = acoes\mtipo.php
		acoes\mtipo.php.bak = acoes\mtipo.php.bak
		acoes\pcriar.php = acoes\pcriar.php
		acoes\pcriar.php.bak = acoes\pcriar.php.bak
		acoes\pedidoselecionar.php = acoes\pedidoselecionar.php
		acoes\pmodificar.php = acoes\pmodificar.php
		acoes\pmovimentar.php = acoes\pmovimentar.php
		acoes\pmovimentar.php.bak = acoes\pmovimentar.php.bak
		acoes\posmensal.php = acoes\posmensal.php
		acoes\procurar.php = acoes\procurar.php
		acoes\procurar.php.bak = acoes\procurar.php.bak
		acoes\procurar3.php = acoes\procurar3.php
		acoes\promotor.php = acoes\promotor.php
		acoes\relatorio.php = acoes\relatorio.php
		acoes\relatresultados.php = acoes\relatresultados.php
		acoes\situacaofinanceira.php = acoes\situacaofinanceira.php
		acoes\ucriar.php = acoes\ucriar.php
		acoes\ucriar2.php = acoes\ucriar2.php
		acoes\updatelog.php = acoes\updatelog.php
	EndProjectSection
EndProject
Project("{2150E333-8FDC-42A3-9474-1A3956D46DE8}") = "anexos", "anexos", "{3E6DD3F4-AB9E-4EBB-912C-BD5676691896}"
EndProject
Project("{2150E333-8FDC-42A3-9474-1A3956D46DE8}") = "relatorios", "relatorios", "{6EDB405D-F1D9-4E31-8C69-EC49A8034EB3}"
	ProjectSection(SolutionItems) = preProject
		acoes\relatorios\cabecalho.php = acoes\relatorios\cabecalho.php
		acoes\relatorios\menu.php = acoes\relatorios\menu.php
		acoes\relatorios\rodape.php = acoes\relatorios\rodape.php
		acoes\relatorios\SCPOSATND.php = acoes\relatorios\SCPOSATND.php
		acoes\relatorios\SCRESTATI.php = acoes\relatorios\SCRESTATI.php
		acoes\relatorios\xls.php = acoes\relatorios\xls.php
	EndProjectSection
EndProject
Project("{2150E333-8FDC-42A3-9474-1A3956D46DE8}") = "images", "images", "{40E9E1B4-D9F9-4AD4-A9E3-D889624081F9}"
	ProjectSection(SolutionItems) = preProject
		acoes\images\acoesbarra2.png = acoes\images\acoesbarra2.png
		acoes\images\avancar.gif = acoes\images\avancar.gif
		acoes\images\baixo.gif = acoes\images\baixo.gif
		acoes\images\btavancar.gif = acoes\images\btavancar.gif
		acoes\images\btsalvar.gif = acoes\images\btsalvar.gif
		acoes\images\btvoltar.gif = acoes\images\btvoltar.gif
		acoes\images\cima.gif = acoes\images\cima.gif
		acoes\images\contents.gif = acoes\images\contents.gif
		acoes\images\copiar.gif = acoes\images\copiar.gif
		acoes\images\deletar.gif = acoes\images\deletar.gif
		acoes\images\edit.gif = acoes\images\edit.gif
		acoes\images\editdelete.gif = acoes\images\editdelete.gif
		acoes\images\erro.gif = acoes\images\erro.gif
		acoes\images\falta.gif = acoes\images\falta.gif
		acoes\images\fechar.gif = acoes\images\fechar.gif
		acoes\images\filenew.gif = acoes\images\filenew.gif
		acoes\images\gravarxls.gif = acoes\images\gravarxls.gif
		acoes\images\gravarxlsn.gif = acoes\images\gravarxlsn.gif
		acoes\images\imprimir.gif = acoes\images\imprimir.gif
		acoes\images\log.gif = acoes\images\log.gif
		acoes\images\nedit.gif = acoes\images\nedit.gif
		acoes\images\neditdelete.gif = acoes\images\neditdelete.gif
		acoes\images\noerro.gif = acoes\images\noerro.gif
		acoes\images\nver.gif = acoes\images\nver.gif
		acoes\images\ok.gif = acoes\images\ok.gif
		acoes\images\okfalta.gif = acoes\images\okfalta.gif
		acoes\images\pver.gif = acoes\images\pver.gif
		acoes\images\save.gif = acoes\images\save.gif
		acoes\images\ver.gif = acoes\images\ver.gif
		acoes\images\ver2.gif = acoes\images\ver2.gif
		acoes\images\ver2.png = acoes\images\ver2.png
		acoes\images\voltar.gif = acoes\images\voltar.gif
	EndProjectSection
EndProject
Project("{2150E333-8FDC-42A3-9474-1A3956D46DE8}") = "BACKUP", "BACKUP", "{166697DE-8F02-40BC-BA69-6A365E5CFDD0}"
EndProject
Global
	GlobalSection(SolutionProperties) = preSolution
		HideSolutionNode = FALSE
	EndGlobalSection
	GlobalSection(NestedProjects) = preSolution
		{5E53492E-5226-4D66-B9AD-8EB0F6BB76A4} = {02EA681E-C7D8-13C7-8484-4AC65E1B71E8}
		{55984951-FD4D-4C1C-A413-49461BE42150} = {5E53492E-5226-4D66-B9AD-8EB0F6BB76A4}
		{9EE589F3-D538-45FC-9AAA-92A985AF8F40} = {5E53492E-5226-4D66-B9AD-8EB0F6BB76A4}
		{0A361A65-8FA0-400D-AFCD-25AE4459C733} = {5E53492E-5226-4D66-B9AD-8EB0F6BB76A4}
		{57CFDD6D-73C3-4C6F-B8AF-97DE43890BEC} = {02EA681E-C7D8-13C7-8484-4AC65E1B71E8}
		{61DF938A-3259-4089-80B8-71DAC62AEC67} = {57CFDD6D-73C3-4C6F-B8AF-97DE43890BEC}
		{1C291C49-2896-448A-B1AD-6ABE9F405E31} = {02EA681E-C7D8-13C7-8484-4AC65E1B71E8}
		{C7C220DB-BD29-4247-85D0-C40B26FBEEA2} = {02EA681E-C7D8-13C7-8484-4AC65E1B71E8}
		{73C1E472-202A-4AF7-BD81-2B2C296EA974} = {C7C220DB-BD29-4247-85D0-C40B26FBEEA2}
		{FDDBC91C-151F-4E49-80F1-657FF281BA41} = {02EA681E-C7D8-13C7-8484-4AC65E1B71E8}
		{E19EBD49-522E-4ABD-BAA5-95B232F441CB} = {FDDBC91C-151F-4E49-80F1-657FF281BA41}
		{DE936FAD-5E22-4081-BBF9-5C8FB78A3348} = {E19EBD49-522E-4ABD-BAA5-95B232F441CB}
		{2C238BF5-BC08-467D-8B6D-A28DFC6A2D60} = {E19EBD49-522E-4ABD-BAA5-95B232F441CB}
		{5248FDEE-3B30-40A0-9CA4-D6FB5209EF65} = {E19EBD49-522E-4ABD-BAA5-95B232F441CB}
		{2CC60D06-3915-4D28-A7B1-BC9A3478AB81} = {02EA681E-C7D8-13C7-8484-4AC65E1B71E8}
		{FAB24829-F6C0-45F5-AE2A-09D53ADAA691} = {2CC60D06-3915-4D28-A7B1-BC9A3478AB81}
		{B3758871-3F3B-4709-A2E0-EB053D9C3EA6} = {02EA681E-C7D8-13C7-8484-4AC65E1B71E8}
		{3E6DD3F4-AB9E-4EBB-912C-BD5676691896} = {B3758871-3F3B-4709-A2E0-EB053D9C3EA6}
		{6EDB405D-F1D9-4E31-8C69-EC49A8034EB3} = {B3758871-3F3B-4709-A2E0-EB053D9C3EA6}
		{40E9E1B4-D9F9-4AD4-A9E3-D889624081F9} = {B3758871-3F3B-4709-A2E0-EB053D9C3EA6}
		{166697DE-8F02-40BC-BA69-6A365E5CFDD0} = {B3758871-3F3B-4709-A2E0-EB053D9C3EA6}
	EndGlobalSection
	GlobalSection(ExtensibilityGlobals) = postSolution
		SolutionGuid = {A0BF3CFB-5642-441B-87FE-8AF6F724708F}
	EndGlobalSection
EndGlobal
